
Microsoft Visual Studio Solution File, Format Version 12.00
# Visual Studio 15
VisualStudioVersion = 15.0.26730.16
MinimumVisualStudioVersion = 10.0.40219.1
Project("{FAE04EC0-301F-11D3-BF4B-00C04F79EFBC}") = "CountryFlags", "CountryFlags\CountryFlags.csproj", "{BD7B6C4A-4BA1-40A8-805C-F5AF2D1512E7}"
EndProject
Global
	GlobalSection(SolutionConfigurationPlatforms) = preSolution
		Debug|Any CPU = Debug|Any CPU
		Release|Any CPU = Release|Any CPU
	EndGlobalSection
	GlobalSection(ProjectConfigurationPlatforms) = postSolution
		{BD7B6C4A-4BA1-40A8-805C-F5AF2D1512E7}.Debug|Any CPU.ActiveCfg = Debug|Any CPU
		{BD7B6C4A-4BA1-40A8-805C-F5AF2D1512E7}.Debug|Any CPU.Build.0 = Debug|Any CPU
		{BD7B6C4A-4BA1-40A8-805C-F5AF2D1512E7}.Release|Any CPU.ActiveCfg = Release|Any CPU
		{BD7B6C4A-4BA1-40A8-805C-F5AF2D1512E7}.Release|Any CPU.Build.0 = Release|Any CPU
	EndGlobalSection
	GlobalSection(SolutionProperties) = preSolution
		HideSolutionNode = FALSE
	EndGlobalSection
	GlobalSection(ExtensibilityGlobals) = postSolution
		SolutionGuid = {2107CC8D-97DE-402E-97B8-2E32E23D4ED8}
	EndGlobalSection
EndGlobal
